
Microsoft Visual Studio Solution File, Format Version 12.00
# Visual Studio Version 17
VisualStudioVersion = 17.5.33530.505
MinimumVisualStudioVersion = 10.0.40219.1
Project("{9A19103F-16F7-4668-BE54-9A1E7A4F7556}") = "Online-magazine_Diploma", "Online-magazine_Diploma\Online-magazine_Diploma.csproj", "{5F09F97A-74CC-4205-AC81-6098CC2CC56D}"
EndProject
Project("{9A19103F-16F7-4668-BE54-9A1E7A4F7556}") = "xUnitTestProject_Diploma", "xUnitTestProject_Diploma\xUnitTestProject_Diploma.csproj", "{5B638FC2-2665-4368-BBFA-AE0093260BF9}"
EndProject
Global
	GlobalSection(SolutionConfigurationPlatforms) = preSolution
		Debug|Any CPU = Debug|Any CPU
		Release|Any CPU = Release|Any CPU
	EndGlobalSection
	GlobalSection(ProjectConfigurationPlatforms) = postSolution
		{5F09F97A-74CC-4205-AC81-6098CC2CC56D}.Debug|Any CPU.ActiveCfg = Debug|Any CPU
		{5F09F97A-74CC-4205-AC81-6098CC2CC56D}.Debug|Any CPU.Build.0 = Debug|Any CPU
		{5F09F97A-74CC-4205-AC81-6098CC2CC56D}.Release|Any CPU.ActiveCfg = Release|Any CPU
		{5F09F97A-74CC-4205-AC81-6098CC2CC56D}.Release|Any CPU.Build.0 = Release|Any CPU
		{5B638FC2-2665-4368-BBFA-AE0093260BF9}.Debug|Any CPU.ActiveCfg = Debug|Any CPU
		{5B638FC2-2665-4368-BBFA-AE0093260BF9}.Debug|Any CPU.Build.0 = Debug|Any CPU
		{5B638FC2-2665-4368-BBFA-AE0093260BF9}.Release|Any CPU.ActiveCfg = Release|Any CPU
		{5B638FC2-2665-4368-BBFA-AE0093260BF9}.Release|Any CPU.Build.0 = Release|Any CPU
	EndGlobalSection
	GlobalSection(SolutionProperties) = preSolution
		HideSolutionNode = FALSE
	EndGlobalSection
	GlobalSection(ExtensibilityGlobals) = postSolution
		SolutionGuid = {1C64701F-95DE-4C76-A3A8-CD5E6DB8094E}
	EndGlobalSection
EndGlobal
